
Microsoft Visual Studio Solution File, Format Version 12.00
# Visual Studio Version 17
VisualStudioVersion = 17.1.32210.238
MinimumVisualStudioVersion = 10.0.40219.1
Project("{FAE04EC0-301F-11D3-BF4B-00C04F79EFBC}") = "WebDashboardAspNetCore", "WebDashboardAspNetCore\WebDashboardAspNetCore.csproj", "{F9AB2D2D-D64D-4974-837A-3B3C51EA833F}"
EndProject
Global
	GlobalSection(SolutionConfigurationPlatforms) = preSolution
		Debug|Any CPU = Debug|Any CPU
		Release|Any CPU = Release|Any CPU
	EndGlobalSection
	GlobalSection(ProjectConfigurationPlatforms) = postSolution
		{F9AB2D2D-D64D-4974-837A-3B3C51EA833F}.Debug|Any CPU.ActiveCfg = Debug|Any CPU
		{F9AB2D2D-D64D-4974-837A-3B3C51EA833F}.Debug|Any CPU.Build.0 = Debug|Any CPU
		{F9AB2D2D-D64D-4974-837A-3B3C51EA833F}.Release|Any CPU.ActiveCfg = Release|Any CPU
		{F9AB2D2D-D64D-4974-837A-3B3C51EA833F}.Release|Any CPU.Build.0 = Release|Any CPU
	EndGlobalSection
	GlobalSection(SolutionProperties) = preSolution
		HideSolutionNode = FALSE
	EndGlobalSection
	GlobalSection(ExtensibilityGlobals) = postSolution
		SolutionGuid = {8234EE5B-EB89-4059-9D85-FD31522A39C3}
	EndGlobalSection
EndGlobal
